
Microsoft Visual Studio Solution File, Format Version 12.00
# Visual Studio 14
VisualStudioVersion = 14.0.24720.0
MinimumVisualStudioVersion = 10.0.40219.1
Project("{FAE04EC0-301F-11D3-BF4B-00C04F79EFBC}") = "CowsayLibrary", "CowsayLibrary.csproj", "{ECD6463C-4829-4271-B8C0-8F72F868E96C}"
EndProject
Project("{FAE04EC0-301F-11D3-BF4B-00C04F79EFBC}") = "CowsayConsole", "..\CowsayConsole\CowsayConsole.csproj", "{BC1058D1-4A6A-499F-9FE8-B5C9CF47976A}"
EndProject
Project("{FAE04EC0-301F-11D3-BF4B-00C04F79EFBC}") = "Cowsay.Common", "..\Console.Common\Cowsay.Common.csproj", "{6D729D6A-27F3-4A1A-BB97-91D10E864CF6}"
EndProject
Project("{FAE04EC0-301F-11D3-BF4B-00C04F79EFBC}") = "CowsaySharp.Say", "..\CowsaySharp.Say\CowsaySharp.Say.csproj", "{D6582C02-D591-42B6-A74A-278B34B66159}"
EndProject
Project("{FAE04EC0-301F-11D3-BF4B-00C04F79EFBC}") = "CowsaySharp.Think", "CowsaySharp.Think\CowsaySharp.Think.csproj", "{7AC89FBC-5AE9-4B03-86BA-E1D83BE4C612}"
EndProject
Global
	GlobalSection(SolutionConfigurationPlatforms) = preSolution
		Debug|Any CPU = Debug|Any CPU
		Release|Any CPU = Release|Any CPU
	EndGlobalSection
	GlobalSection(ProjectConfigurationPlatforms) = postSolution
		{ECD6463C-4829-4271-B8C0-8F72F868E96C}.Debug|Any CPU.ActiveCfg = Debug|Any CPU
		{ECD6463C-4829-4271-B8C0-8F72F868E96C}.Debug|Any CPU.Build.0 = Debug|Any CPU
		{ECD6463C-4829-4271-B8C0-8F72F868E96C}.Release|Any CPU.ActiveCfg = Release|Any CPU
		{ECD6463C-4829-4271-B8C0-8F72F868E96C}.Release|Any CPU.Build.0 = Release|Any CPU
		{BC1058D1-4A6A-499F-9FE8-B5C9CF47976A}.Debug|Any CPU.ActiveCfg = Debug|Any CPU
		{BC1058D1-4A6A-499F-9FE8-B5C9CF47976A}.Debug|Any CPU.Build.0 = Debug|Any CPU
		{BC1058D1-4A6A-499F-9FE8-B5C9CF47976A}.Release|Any CPU.ActiveCfg = Release|Any CPU
		{BC1058D1-4A6A-499F-9FE8-B5C9CF47976A}.Release|Any CPU.Build.0 = Release|Any CPU
		{6D729D6A-27F3-4A1A-BB97-91D10E864CF6}.Debug|Any CPU.ActiveCfg = Debug|Any CPU
		{6D729D6A-27F3-4A1A-BB97-91D10E864CF6}.Debug|Any CPU.Build.0 = Debug|Any CPU
		{6D729D6A-27F3-4A1A-BB97-91D10E864CF6}.Release|Any CPU.ActiveCfg = Release|Any CPU
		{6D729D6A-27F3-4A1A-BB97-91D10E864CF6}.Release|Any CPU.Build.0 = Release|Any CPU
		{D6582C02-D591-42B6-A74A-278B34B66159}.Debug|Any CPU.ActiveCfg = Debug|Any CPU
		{D6582C02-D591-42B6-A74A-278B34B66159}.Debug|Any CPU.Build.0 = Debug|Any CPU
		{D6582C02-D591-42B6-A74A-278B34B66159}.Release|Any CPU.ActiveCfg = Release|Any CPU
		{D6582C02-D591-42B6-A74A-278B34B66159}.Release|Any CPU.Build.0 = Release|Any CPU
		{7AC89FBC-5AE9-4B03-86BA-E1D83BE4C612}.Debug|Any CPU.ActiveCfg = Debug|Any CPU
		{7AC89FBC-5AE9-4B03-86BA-E1D83BE4C612}.Debug|Any CPU.Build.0 = Debug|Any CPU
		{7AC89FBC-5AE9-4B03-86BA-E1D83BE4C612}.Release|Any CPU.ActiveCfg = Release|Any CPU
		{7AC89FBC-5AE9-4B03-86BA-E1D83BE4C612}.Release|Any CPU.Build.0 = Release|Any CPU
	EndGlobalSection
	GlobalSection(SolutionProperties) = preSolution
		HideSolutionNode = FALSE
	EndGlobalSection
EndGlobal
